
Microsoft Visual Studio Solution File, Format Version 12.00
# Visual Studio Version 17
VisualStudioVersion = 17.5.002.0
MinimumVisualStudioVersion = 10.0.40219.1
Project("{9A19103F-16F7-4668-BE54-9A1E7A4F7556}") = "CYOA", "CYOA.csproj", "{AEF0C4F2-76F2-430B-9E3E-FA201429EB6C}"
EndProject
Global
	GlobalSection(SolutionConfigurationPlatforms) = preSolution
		Debug|Any CPU = Debug|Any CPU
		Release|Any CPU = Release|Any CPU
	EndGlobalSection
	GlobalSection(ProjectConfigurationPlatforms) = postSolution
		{AEF0C4F2-76F2-430B-9E3E-FA201429EB6C}.Debug|Any CPU.ActiveCfg = Debug|Any CPU
		{AEF0C4F2-76F2-430B-9E3E-FA201429EB6C}.Debug|Any CPU.Build.0 = Debug|Any CPU
		{AEF0C4F2-76F2-430B-9E3E-FA201429EB6C}.Release|Any CPU.ActiveCfg = Release|Any CPU
		{AEF0C4F2-76F2-430B-9E3E-FA201429EB6C}.Release|Any CPU.Build.0 = Release|Any CPU
	EndGlobalSection
	GlobalSection(SolutionProperties) = preSolution
		HideSolutionNode = FALSE
	EndGlobalSection
	GlobalSection(ExtensibilityGlobals) = postSolution
		SolutionGuid = {089BED71-77DE-42F0-85F0-443A8B26EA9A}
	EndGlobalSection
EndGlobal
